
Microsoft Visual Studio Solution File, Format Version 12.00
# Visual Studio Version 16
VisualStudioVersion = 16.0.31729.503
MinimumVisualStudioVersion = 10.0.40219.1
Project("{2150E333-8FDC-42A3-9474-1A3956D46DE8}") = "src", "src", "{EEB649F9-ACA8-4A7B-9619-5672D5F7D11E}"
EndProject
Project("{2150E333-8FDC-42A3-9474-1A3956D46DE8}") = "tests", "tests", "{EFA4250E-07EF-43F8-A52D-9ECADEE89654}"
EndProject
Project("{2150E333-8FDC-42A3-9474-1A3956D46DE8}") = "API", "API", "{5C9A78ED-2B3D-4238-9A32-5AC31A513A25}"
EndProject
Project("{2150E333-8FDC-42A3-9474-1A3956D46DE8}") = "Core", "Core", "{0032237B-0877-4E06-BD5C-34F58F86AD0C}"
EndProject
Project("{2150E333-8FDC-42A3-9474-1A3956D46DE8}") = "Infrastructure", "Infrastructure", "{E7BD4D83-E151-4329-9DE7-4B9E8571DA80}"
EndProject
Project("{2150E333-8FDC-42A3-9474-1A3956D46DE8}") = "UI", "UI", "{E8DC8AFB-8B9C-4C76-A689-9B86CB80C325}"
EndProject
Project("{9A19103F-16F7-4668-BE54-9A1E7A4F7556}") = "HR.LeaveManagement.Domain", "HR.LeaveManagement.Domain\HR.LeaveManagement.Domain.csproj", "{B2BA403F-8537-41F3-9F8C-95565A3D0866}"
EndProject
Project("{9A19103F-16F7-4668-BE54-9A1E7A4F7556}") = "HR.LeaveManagement.Application", "HR.LeaveManagement.Application\HR.LeaveManagement.Application.csproj", "{17753025-B4DF-4531-95CF-960B98FFDE42}"
EndProject
Project("{9A19103F-16F7-4668-BE54-9A1E7A4F7556}") = "HR.LeaveManagement.Infrastructure", "HR.LeaveManagement.Infrastructure\HR.LeaveManagement.Infrastructure.csproj", "{9FAA7C22-4FA8-47A8-85F2-D812342EEF0A}"
EndProject
Project("{9A19103F-16F7-4668-BE54-9A1E7A4F7556}") = "HR.LeaveManagement.Persistence", "HR.LeaveManagement.Persistence\HR.LeaveManagement.Persistence.csproj", "{365A02B0-62EB-412B-A204-8C8B38E69504}"
EndProject
Project("{9A19103F-16F7-4668-BE54-9A1E7A4F7556}") = "HR.LeaveManagement.Api", "HR.LeaveManagement.Api\HR.LeaveManagement.Api.csproj", "{6E93524A-DCF0-4243-AA05-978066452129}"
EndProject
Project("{9A19103F-16F7-4668-BE54-9A1E7A4F7556}") = "HR.LeaveManagement.Application.UnitTests", "HR.LeaveManagement.Application.UnitTests\HR.LeaveManagement.Application.UnitTests.csproj", "{34213DEB-D282-4CA0-8E04-8C441CD18ECB}"
EndProject
Project("{9A19103F-16F7-4668-BE54-9A1E7A4F7556}") = "HR.LeaveManagement.MVC", "HR.LeaveManagement.MVC\HR.LeaveManagement.MVC.csproj", "{9028CB72-5EF1-4CFE-990E-18B03181AA38}"
EndProject
Project("{FAE04EC0-301F-11D3-BF4B-00C04F79EFBC}") = "HR.LeaveManagement.Identity", "HR.LeaveManagement.Identity\HR.LeaveManagement.Identity.csproj", "{C7634500-81A7-495B-BA71-3C79C43DC148}"
EndProject
Global
	GlobalSection(SolutionConfigurationPlatforms) = preSolution
		Debug|Any CPU = Debug|Any CPU
		Release|Any CPU = Release|Any CPU
	EndGlobalSection
	GlobalSection(ProjectConfigurationPlatforms) = postSolution
		{B2BA403F-8537-41F3-9F8C-95565A3D0866}.Debug|Any CPU.ActiveCfg = Debug|Any CPU
		{B2BA403F-8537-41F3-9F8C-95565A3D0866}.Debug|Any CPU.Build.0 = Debug|Any CPU
		{B2BA403F-8537-41F3-9F8C-95565A3D0866}.Release|Any CPU.ActiveCfg = Release|Any CPU
		{B2BA403F-8537-41F3-9F8C-95565A3D0866}.Release|Any CPU.Build.0 = Release|Any CPU
		{17753025-B4DF-4531-95CF-960B98FFDE42}.Debug|Any CPU.ActiveCfg = Debug|Any CPU
		{17753025-B4DF-4531-95CF-960B98FFDE42}.Debug|Any CPU.Build.0 = Debug|Any CPU
		{17753025-B4DF-4531-95CF-960B98FFDE42}.Release|Any CPU.ActiveCfg = Release|Any CPU
		{17753025-B4DF-4531-95CF-960B98FFDE42}.Release|Any CPU.Build.0 = Release|Any CPU
		{9FAA7C22-4FA8-47A8-85F2-D812342EEF0A}.Debug|Any CPU.ActiveCfg = Debug|Any CPU
		{9FAA7C22-4FA8-47A8-85F2-D812342EEF0A}.Debug|Any CPU.Build.0 = Debug|Any CPU
		{9FAA7C22-4FA8-47A8-85F2-D812342EEF0A}.Release|Any CPU.ActiveCfg = Release|Any CPU
		{9FAA7C22-4FA8-47A8-85F2-D812342EEF0A}.Release|Any CPU.Build.0 = Release|Any CPU
		{365A02B0-62EB-412B-A204-8C8B38E69504}.Debug|Any CPU.ActiveCfg = Debug|Any CPU
		{365A02B0-62EB-412B-A204-8C8B38E69504}.Debug|Any CPU.Build.0 = Debug|Any CPU
		{365A02B0-62EB-412B-A204-8C8B38E69504}.Release|Any CPU.ActiveCfg = Release|Any CPU
		{365A02B0-62EB-412B-A204-8C8B38E69504}.Release|Any CPU.Build.0 = Release|Any CPU
		{6E93524A-DCF0-4243-AA05-978066452129}.Debug|Any CPU.ActiveCfg = Debug|Any CPU
		{6E93524A-DCF0-4243-AA05-978066452129}.Debug|Any CPU.Build.0 = Debug|Any CPU
		{6E93524A-DCF0-4243-AA05-978066452129}.Release|Any CPU.ActiveCfg = Release|Any CPU
		{6E93524A-DCF0-4243-AA05-978066452129}.Release|Any CPU.Build.0 = Release|Any CPU
		{34213DEB-D282-4CA0-8E04-8C441CD18ECB}.Debug|Any CPU.ActiveCfg = Debug|Any CPU
		{34213DEB-D282-4CA0-8E04-8C441CD18ECB}.Debug|Any CPU.Build.0 = Debug|Any CPU
		{34213DEB-D282-4CA0-8E04-8C441CD18ECB}.Release|Any CPU.ActiveCfg = Release|Any CPU
		{34213DEB-D282-4CA0-8E04-8C441CD18ECB}.Release|Any CPU.Build.0 = Release|Any CPU
		{9028CB72-5EF1-4CFE-990E-18B03181AA38}.Debug|Any CPU.ActiveCfg = Debug|Any CPU
		{9028CB72-5EF1-4CFE-990E-18B03181AA38}.Debug|Any CPU.Build.0 = Debug|Any CPU
		{9028CB72-5EF1-4CFE-990E-18B03181AA38}.Release|Any CPU.ActiveCfg = Release|Any CPU
		{9028CB72-5EF1-4CFE-990E-18B03181AA38}.Release|Any CPU.Build.0 = Release|Any CPU
		{C7634500-81A7-495B-BA71-3C79C43DC148}.Debug|Any CPU.ActiveCfg = Debug|Any CPU
		{C7634500-81A7-495B-BA71-3C79C43DC148}.Debug|Any CPU.Build.0 = Debug|Any CPU
		{C7634500-81A7-495B-BA71-3C79C43DC148}.Release|Any CPU.ActiveCfg = Release|Any CPU
		{C7634500-81A7-495B-BA71-3C79C43DC148}.Release|Any CPU.Build.0 = Release|Any CPU
	EndGlobalSection
	GlobalSection(SolutionProperties) = preSolution
		HideSolutionNode = FALSE
	EndGlobalSection
	GlobalSection(NestedProjects) = preSolution
		{5C9A78ED-2B3D-4238-9A32-5AC31A513A25} = {EEB649F9-ACA8-4A7B-9619-5672D5F7D11E}
		{0032237B-0877-4E06-BD5C-34F58F86AD0C} = {EEB649F9-ACA8-4A7B-9619-5672D5F7D11E}
		{E7BD4D83-E151-4329-9DE7-4B9E8571DA80} = {EEB649F9-ACA8-4A7B-9619-5672D5F7D11E}
		{E8DC8AFB-8B9C-4C76-A689-9B86CB80C325} = {EEB649F9-ACA8-4A7B-9619-5672D5F7D11E}
		{B2BA403F-8537-41F3-9F8C-95565A3D0866} = {0032237B-0877-4E06-BD5C-34F58F86AD0C}
		{17753025-B4DF-4531-95CF-960B98FFDE42} = {0032237B-0877-4E06-BD5C-34F58F86AD0C}
		{9FAA7C22-4FA8-47A8-85F2-D812342EEF0A} = {E7BD4D83-E151-4329-9DE7-4B9E8571DA80}
		{365A02B0-62EB-412B-A204-8C8B38E69504} = {E7BD4D83-E151-4329-9DE7-4B9E8571DA80}
		{6E93524A-DCF0-4243-AA05-978066452129} = {5C9A78ED-2B3D-4238-9A32-5AC31A513A25}
		{34213DEB-D282-4CA0-8E04-8C441CD18ECB} = {EFA4250E-07EF-43F8-A52D-9ECADEE89654}
		{9028CB72-5EF1-4CFE-990E-18B03181AA38} = {E8DC8AFB-8B9C-4C76-A689-9B86CB80C325}
		{C7634500-81A7-495B-BA71-3C79C43DC148} = {E7BD4D83-E151-4329-9DE7-4B9E8571DA80}
	EndGlobalSection
	GlobalSection(ExtensibilityGlobals) = postSolution
		SolutionGuid = {1AF33F34-EB99-4A0A-B702-5AC975D9CFF4}
	EndGlobalSection
EndGlobal
